
Microsoft Visual Studio Solution File, Format Version 12.00
# Visual Studio 15
VisualStudioVersion = 15.0.28307.421
MinimumVisualStudioVersion = 10.0.40219.1
Project("{FAE04EC0-301F-11D3-BF4B-00C04F79EFBC}") = "Archivating", "Archivating\Archivating.csproj", "{F99E6D70-3BDB-4350-8E21-FE3974C6924A}"
EndProject
Project("{FAE04EC0-301F-11D3-BF4B-00C04F79EFBC}") = "WinApp", "WinApp\WinApp.csproj", "{06ADFB50-1A61-494E-A30A-85BFFC214814}"
EndProject
Global
	GlobalSection(SolutionConfigurationPlatforms) = preSolution
		Debug|Any CPU = Debug|Any CPU
		Release|Any CPU = Release|Any CPU
	EndGlobalSection
	GlobalSection(ProjectConfigurationPlatforms) = postSolution
		{F99E6D70-3BDB-4350-8E21-FE3974C6924A}.Debug|Any CPU.ActiveCfg = Debug|Any CPU
		{F99E6D70-3BDB-4350-8E21-FE3974C6924A}.Debug|Any CPU.Build.0 = Debug|Any CPU
		{F99E6D70-3BDB-4350-8E21-FE3974C6924A}.Release|Any CPU.ActiveCfg = Release|Any CPU
		{F99E6D70-3BDB-4350-8E21-FE3974C6924A}.Release|Any CPU.Build.0 = Release|Any CPU
		{06ADFB50-1A61-494E-A30A-85BFFC214814}.Debug|Any CPU.ActiveCfg = Debug|Any CPU
		{06ADFB50-1A61-494E-A30A-85BFFC214814}.Debug|Any CPU.Build.0 = Debug|Any CPU
		{06ADFB50-1A61-494E-A30A-85BFFC214814}.Release|Any CPU.ActiveCfg = Release|Any CPU
		{06ADFB50-1A61-494E-A30A-85BFFC214814}.Release|Any CPU.Build.0 = Release|Any CPU
	EndGlobalSection
	GlobalSection(SolutionProperties) = preSolution
		HideSolutionNode = FALSE
	EndGlobalSection
	GlobalSection(ExtensibilityGlobals) = postSolution
		SolutionGuid = {64C07BC8-4765-40F6-BE95-68BD5772C2A7}
	EndGlobalSection
EndGlobal
